
Microsoft Visual Studio Solution File, Format Version 12.00
# Visual Studio Version 17
VisualStudioVersion = 17.13.35919.96 d17.13
MinimumVisualStudioVersion = 10.0.40219.1
Project("{FAE04EC0-301F-11D3-BF4B-00C04F79EFBC}") = "QuanLiThuVien", "QuanLiThuVien\QuanLiThuVien.csproj", "{86BDAAB5-F337-45DC-8BFF-9D273A3E5CC6}"
EndProject
Global
	GlobalSection(SolutionConfigurationPlatforms) = preSolution
		Debug|Any CPU = Debug|Any CPU
		Release|Any CPU = Release|Any CPU
	EndGlobalSection
	GlobalSection(ProjectConfigurationPlatforms) = postSolution
		{86BDAAB5-F337-45DC-8BFF-9D273A3E5CC6}.Debug|Any CPU.ActiveCfg = Debug|Any CPU
		{86BDAAB5-F337-45DC-8BFF-9D273A3E5CC6}.Debug|Any CPU.Build.0 = Debug|Any CPU
		{86BDAAB5-F337-45DC-8BFF-9D273A3E5CC6}.Release|Any CPU.ActiveCfg = Release|Any CPU
		{86BDAAB5-F337-45DC-8BFF-9D273A3E5CC6}.Release|Any CPU.Build.0 = Release|Any CPU
	EndGlobalSection
	GlobalSection(SolutionProperties) = preSolution
		HideSolutionNode = FALSE
	EndGlobalSection
	GlobalSection(ExtensibilityGlobals) = postSolution
		SolutionGuid = {55428E0C-C3F3-41A5-B2F6-23839A1CA46A}
	EndGlobalSection
EndGlobal
